<?xml version="1.0" encoding="UTF-8"?>
<Scheme
   LastUpgradeVersion = "0510"
   version = "1.7">
   <BuildAction
      parallelizeBuildables = "YES"
      buildImplicitDependencies = "YES">
      <BuildActionEntries>
         <BuildActionEntry
            buildForTesting = "YES"
            buildForRunning = "YES"
            buildForProfiling = "YES"
            buildForArchiving = "YES"
            buildForAnalyzing = "YES">
            <BuildableReference
               BuildableIdentifier = "primary"
               BlueprintIdentifier = "35CEAAAA15A29D2900C67E7A"
               BuildableName = "&#x5355;&#x8033;&#x5154;&#x5546;&#x57ce;.app"
               BlueprintName = "&#x5355;&#x8033;&#x5154;"
               ReferencedContainer = "container:&#x5355;&#x8033;&#x5154;.xcodeproj">
            </BuildableReference>
         </BuildActionEntry>
      </BuildActionEntries>
   </BuildAction>
   <TestAction
      selectedDebuggerIdentifier = "Xcode.DebuggerFoundation.Debugger.LLDB"
      selectedLauncherIdentifier = "Xcode.DebuggerFoundation.Launcher.LLDB"
      shouldUseLaunchSchemeArgsEnv = "YES"
      buildConfiguration = "Debug">
      <Testables>
      </Testables>
      <MacroExpansion>
         <BuildableReference
            BuildableIdentifier = "primary"
            BlueprintIdentifier = "35CEAAAA15A29D2900C67E7A"
            BuildableName = "&#x5355;&#x8033;&#x5154;&#x5546;&#x57ce;.app"
            BlueprintName = "&#x5355;&#x8033;&#x5154;"
            ReferencedContainer = "container:&#x5355;&#x8033;&#x5154;.xcodeproj">
         </BuildableReference>
      </MacroExpansion>
   </TestAction>
   <LaunchAction
      selectedDebuggerIdentifier = "Xcode.DebuggerFoundation.Debugger.LLDB"
      selectedLauncherIdentifier = "Xcode.DebuggerFoundation.Launcher.LLDB"
      launchStyle = "0"
      useCustomWorkingDirectory = "NO"
      buildConfiguration = "Debug"
      ignoresPersistentStateOnLaunch = "NO"
      debugDocumentVersioning = "YES"
      allowLocationSimulation = "YES">
      <BuildableProductRunnable>
         <BuildableReference
            BuildableIdentifier = "primary"
            BlueprintIdentifier = "35CEAAAA15A29D2900C67E7A"
            BuildableName = "&#x5355;&#x8033;&#x5154;&#x5546;&#x57ce;.app"
            BlueprintName = "&#x5355;&#x8033;&#x5154;"
            ReferencedContainer = "container:&#x5355;&#x8033;&#x5154;.xcodeproj">
         </BuildableReference>
      </BuildableProductRunnable>
      <EnvironmentVariables>
         <EnvironmentVariable
            key = "NSZombieEnabled"
            value = "YES"
            isEnabled = "YES">
         </EnvironmentVariable>
         <EnvironmentVariable
            key = "MallocStackLogging"
            value = "YES"
            isEnabled = "YES">
         </EnvironmentVariable>
         <EnvironmentVariable
            key = "MallocStackLoggingNoCompact"
            value = "YES"
            isEnabled = "YES">
         </EnvironmentVariable>
      </EnvironmentVariables>
      <AdditionalOptions>
         <AdditionalOption
            key = "MallocStackLogging"
            value = ""
            isEnabled = "YES">
         </AdditionalOption>
         <AdditionalOption
            key = "NSZombieEnabled"
            value = "YES"
            isEnabled = "YES">
         </AdditionalOption>
         <AdditionalOption
            key = "OBJC_PRINT_EXCEPTIONS"
            value = "YES"
            isEnabled = "YES">
         </AdditionalOption>
      </AdditionalOptions>
      <LocationScenarioReference
         identifier = "com.apple.dt.IDEFoundation.CurrentLocationScenarioIdentifier"
         referenceType = "1">
      </LocationScenarioReference>
   </LaunchAction>
   <ProfileAction
      shouldUseLaunchSchemeArgsEnv = "YES"
      savedToolIdentifier = ""
      useCustomWorkingDirectory = "NO"
      buildConfiguration = "Release"
      debugDocumentVersioning = "YES">
      <BuildableProductRunnable>
         <BuildableReference
            BuildableIdentifier = "primary"
            BlueprintIdentifier = "35CEAAAA15A29D2900C67E7A"
            BuildableName = "&#x5355;&#x8033;&#x5154;&#x5546;&#x57ce;.app"
            BlueprintName = "&#x5355;&#x8033;&#x5154;"
            ReferencedContainer = "container:&#x5355;&#x8033;&#x5154;.xcodeproj">
         </BuildableReference>
      </BuildableProductRunnable>
   </ProfileAction>
   <AnalyzeAction
      buildConfiguration = "Debug">
   </AnalyzeAction>
   <ArchiveAction
      buildConfiguration = "Release"
      customArchiveName = "danertu"
      revealArchiveInOrganizer = "YES">
   </ArchiveAction>
</Scheme>
